
Microsoft Visual Studio Solution File, Format Version 12.00
# Visual Studio 14
VisualStudioVersion = 14.0.25420.1
MinimumVisualStudioVersion = 10.0.40219.1
Project("{F184B08F-C81C-45F6-A57F-5ABD9991F28F}") = "Back365", "Back365\Back365.vbproj", "{7478A93F-B9CC-4222-B45F-BC3F72707602}"
EndProject
Global
	GlobalSection(SolutionConfigurationPlatforms) = preSolution
		Debug|Any CPU = Debug|Any CPU
		Release|Any CPU = Release|Any CPU
	EndGlobalSection
	GlobalSection(ProjectConfigurationPlatforms) = postSolution
		{7478A93F-B9CC-4222-B45F-BC3F72707602}.Debug|Any CPU.ActiveCfg = Debug|Any CPU
		{7478A93F-B9CC-4222-B45F-BC3F72707602}.Debug|Any CPU.Build.0 = Debug|Any CPU
		{7478A93F-B9CC-4222-B45F-BC3F72707602}.Release|Any CPU.ActiveCfg = Release|Any CPU
		{7478A93F-B9CC-4222-B45F-BC3F72707602}.Release|Any CPU.Build.0 = Release|Any CPU
	EndGlobalSection
	GlobalSection(SolutionProperties) = preSolution
		HideSolutionNode = FALSE
	EndGlobalSection
EndGlobal
